
Microsoft Visual Studio Solution File, Format Version 12.00
# Visual Studio 14
VisualStudioVersion = 14.0.25420.1
MinimumVisualStudioVersion = 10.0.40219.1
Project("{FAE04EC0-301F-11D3-BF4B-00C04F79EFBC}") = "FreshPros.App", "FreshPros.App\FreshPros.App.csproj", "{595C9639-08F2-4257-BF8E-F8BF869D4D28}"
EndProject
Project("{FAE04EC0-301F-11D3-BF4B-00C04F79EFBC}") = "FreshPros.DAL", "FreshPros.DAL\FreshPros.DAL.csproj", "{24526D70-10EC-4DC8-83F6-68201815FA0C}"
EndProject
Project("{FAE04EC0-301F-11D3-BF4B-00C04F79EFBC}") = "FreshPros.Commons", "FreshPros.Commons\FreshPros.Commons.csproj", "{8ED5E9B2-44E5-4488-B597-B7CDCD2F85D1}"
EndProject
Global
	GlobalSection(SolutionConfigurationPlatforms) = preSolution
		Debug|Any CPU = Debug|Any CPU
		Release|Any CPU = Release|Any CPU
	EndGlobalSection
	GlobalSection(ProjectConfigurationPlatforms) = postSolution
		{595C9639-08F2-4257-BF8E-F8BF869D4D28}.Debug|Any CPU.ActiveCfg = Debug|Any CPU
		{595C9639-08F2-4257-BF8E-F8BF869D4D28}.Debug|Any CPU.Build.0 = Debug|Any CPU
		{595C9639-08F2-4257-BF8E-F8BF869D4D28}.Release|Any CPU.ActiveCfg = Release|Any CPU
		{595C9639-08F2-4257-BF8E-F8BF869D4D28}.Release|Any CPU.Build.0 = Release|Any CPU
		{24526D70-10EC-4DC8-83F6-68201815FA0C}.Debug|Any CPU.ActiveCfg = Debug|Any CPU
		{24526D70-10EC-4DC8-83F6-68201815FA0C}.Debug|Any CPU.Build.0 = Debug|Any CPU
		{24526D70-10EC-4DC8-83F6-68201815FA0C}.Release|Any CPU.ActiveCfg = Release|Any CPU
		{24526D70-10EC-4DC8-83F6-68201815FA0C}.Release|Any CPU.Build.0 = Release|Any CPU
		{8ED5E9B2-44E5-4488-B597-B7CDCD2F85D1}.Debug|Any CPU.ActiveCfg = Debug|Any CPU
		{8ED5E9B2-44E5-4488-B597-B7CDCD2F85D1}.Debug|Any CPU.Build.0 = Debug|Any CPU
		{8ED5E9B2-44E5-4488-B597-B7CDCD2F85D1}.Release|Any CPU.ActiveCfg = Release|Any CPU
		{8ED5E9B2-44E5-4488-B597-B7CDCD2F85D1}.Release|Any CPU.Build.0 = Release|Any CPU
	EndGlobalSection
	GlobalSection(SolutionProperties) = preSolution
		HideSolutionNode = FALSE
	EndGlobalSection
EndGlobal
